
Microsoft Visual Studio Solution File, Format Version 12.00
# Visual Studio 14
VisualStudioVersion = 14.0.23107.0
MinimumVisualStudioVersion = 10.0.40219.1
Project("{FAE04EC0-301F-11D3-BF4B-00C04F79EFBC}") = "Extems.Academic", "Extems.Academic.csproj", "{501565A7-C75B-4B16-A3D7-EB69F37BA89C}"
EndProject
Project("{FAE04EC0-301F-11D3-BF4B-00C04F79EFBC}") = "Extems.Academic.DataAccess", "DataAccess\Extems.Academic.DataAccess.csproj", "{0C0E427B-7A2E-4000-A12C-83182FD3022A}"
EndProject
Project("{FAE04EC0-301F-11D3-BF4B-00C04F79EFBC}") = "Extems.Academic.Api", "WebAPI\Extems.Academic.Api.csproj", "{D24711BF-E626-4200-978F-6ED61DAACC16}"
EndProject
Project("{FAE04EC0-301F-11D3-BF4B-00C04F79EFBC}") = "Extems.Academic.Entities", "Entities\Extems.Academic.Entities.csproj", "{3C7D4705-AD04-400E-9022-A412AFCE81C5}"
EndProject
Global
	GlobalSection(SolutionConfigurationPlatforms) = preSolution
		Debug|Any CPU = Debug|Any CPU
		Release|Any CPU = Release|Any CPU
	EndGlobalSection
	GlobalSection(ProjectConfigurationPlatforms) = postSolution
		{501565A7-C75B-4B16-A3D7-EB69F37BA89C}.Debug|Any CPU.ActiveCfg = Debug|Any CPU
		{501565A7-C75B-4B16-A3D7-EB69F37BA89C}.Debug|Any CPU.Build.0 = Debug|Any CPU
		{501565A7-C75B-4B16-A3D7-EB69F37BA89C}.Release|Any CPU.ActiveCfg = Release|Any CPU
		{501565A7-C75B-4B16-A3D7-EB69F37BA89C}.Release|Any CPU.Build.0 = Release|Any CPU
		{0C0E427B-7A2E-4000-A12C-83182FD3022A}.Debug|Any CPU.ActiveCfg = Debug|Any CPU
		{0C0E427B-7A2E-4000-A12C-83182FD3022A}.Debug|Any CPU.Build.0 = Debug|Any CPU
		{0C0E427B-7A2E-4000-A12C-83182FD3022A}.Release|Any CPU.ActiveCfg = Release|Any CPU
		{0C0E427B-7A2E-4000-A12C-83182FD3022A}.Release|Any CPU.Build.0 = Release|Any CPU
		{D24711BF-E626-4200-978F-6ED61DAACC16}.Debug|Any CPU.ActiveCfg = Debug|Any CPU
		{D24711BF-E626-4200-978F-6ED61DAACC16}.Debug|Any CPU.Build.0 = Debug|Any CPU
		{D24711BF-E626-4200-978F-6ED61DAACC16}.Release|Any CPU.ActiveCfg = Release|Any CPU
		{D24711BF-E626-4200-978F-6ED61DAACC16}.Release|Any CPU.Build.0 = Release|Any CPU
		{3C7D4705-AD04-400E-9022-A412AFCE81C5}.Debug|Any CPU.ActiveCfg = Debug|Any CPU
		{3C7D4705-AD04-400E-9022-A412AFCE81C5}.Debug|Any CPU.Build.0 = Debug|Any CPU
		{3C7D4705-AD04-400E-9022-A412AFCE81C5}.Release|Any CPU.ActiveCfg = Release|Any CPU
		{3C7D4705-AD04-400E-9022-A412AFCE81C5}.Release|Any CPU.Build.0 = Release|Any CPU
	EndGlobalSection
	GlobalSection(SolutionProperties) = preSolution
		HideSolutionNode = FALSE
	EndGlobalSection
EndGlobal
